<Solution>
  <Folder Name="/samples/">
    <Project Path="samples/BugsMQ.Samples.OrderProcessing.Contracts/BugsMQ.Samples.OrderProcessing.Contracts.csproj" />
    <Project Path="samples/BugsMQ.Samples.OrderProcessing/BugsMQ.Samples.OrderProcessing.csproj" />
  </Folder>
  <Folder Name="/src/">
    <Project Path="src/BugsMQ.Abstractions/BugsMQ.Abstractions.csproj" />
    <Project Path="src/BugsMQ.Core/BugsMQ.Core.csproj" />
    <Project Path="src/BugsMQ.Dashboard.Api/BugsMQ.Dashboard.Api.csproj" />
    <Project Path="src/BugsMQ.Observability/BugsMQ.Observability.csproj" />
    <Project Path="src/BugsMQ.Persistence.EFCore/BugsMQ.Persistence.EFCore.csproj" />
    <Project Path="src/BugsMQ.Persistence.InMemory/BugsMQ.Persistence.InMemory.csproj" />
    <Project Path="src/BugsMQ.Testing/BugsMQ.Testing.csproj" />
    <Project Path="src/BugsMQ.Transport.InMemory/BugsMQ.Transport.InMemory.csproj" />
    <Project Path="src/BugsMQ.Transport.RabbitMQ/BugsMQ.Transport.RabbitMQ.csproj" />
  </Folder>
  <Folder Name="/tests/">
    <Project Path="tests/BugsMQ.Core.Tests/BugsMQ.Core.Tests.csproj" />
    <Project Path="tests/BugsMQ.Dashboard.Api.Tests/BugsMQ.Dashboard.Api.Tests.csproj" />
    <Project Path="tests/BugsMQ.Persistence.EFCore.Tests/BugsMQ.Persistence.EFCore.Tests.csproj" />
    <Project Path="tests/BugsMQ.Testing.Tests/BugsMQ.Testing.Tests.csproj" />
    <Project Path="tests/BugsMQ.Transport.RabbitMQ.Tests/BugsMQ.Transport.RabbitMQ.Tests.csproj" />
  </Folder>
</Solution>
